
Microsoft Visual Studio Solution File, Format Version 12.00
# Visual Studio Version 16
VisualStudioVersion = 16.0.29613.14
MinimumVisualStudioVersion = 10.0.40219.1
Project("{2150E333-8FDC-42A3-9474-1A3956D46DE8}") = "Microservices", "Microservices", "{C4A47CC9-877E-485E-872A-689C71619B26}"
EndProject
Project("{2150E333-8FDC-42A3-9474-1A3956D46DE8}") = "Domain", "Domain", "{A216F5C0-E223-4E5F-89B3-BF27218F6C44}"
EndProject
Project("{2150E333-8FDC-42A3-9474-1A3956D46DE8}") = "Infra.Bus", "Infra.Bus", "{F3B053A1-677E-46F8-80D1-F073671B47E4}"
EndProject
Project("{2150E333-8FDC-42A3-9474-1A3956D46DE8}") = "Infra.IoC", "Infra.IoC", "{CDF97D01-7A41-40F4-B96C-12B6395FFBB0}"
EndProject
Project("{2150E333-8FDC-42A3-9474-1A3956D46DE8}") = "Presentation", "Presentation", "{CCEC4D41-1CD4-4E89-9FC9-E72618D0F9D1}"
EndProject
Project("{FAE04EC0-301F-11D3-BF4B-00C04F79EFBC}") = "MicroRabbit.Domain.Core", "MicroRabbit.Domain.Core\MicroRabbit.Domain.Core.csproj", "{6BFD16FE-14F5-4DA8-B6C5-A6483B9A4FA6}"
EndProject
Global
	GlobalSection(SolutionConfigurationPlatforms) = preSolution
		Debug|Any CPU = Debug|Any CPU
		Release|Any CPU = Release|Any CPU
	EndGlobalSection
	GlobalSection(ProjectConfigurationPlatforms) = postSolution
		{6BFD16FE-14F5-4DA8-B6C5-A6483B9A4FA6}.Debug|Any CPU.ActiveCfg = Debug|Any CPU
		{6BFD16FE-14F5-4DA8-B6C5-A6483B9A4FA6}.Debug|Any CPU.Build.0 = Debug|Any CPU
		{6BFD16FE-14F5-4DA8-B6C5-A6483B9A4FA6}.Release|Any CPU.ActiveCfg = Release|Any CPU
		{6BFD16FE-14F5-4DA8-B6C5-A6483B9A4FA6}.Release|Any CPU.Build.0 = Release|Any CPU
	EndGlobalSection
	GlobalSection(SolutionProperties) = preSolution
		HideSolutionNode = FALSE
	EndGlobalSection
	GlobalSection(NestedProjects) = preSolution
		{6BFD16FE-14F5-4DA8-B6C5-A6483B9A4FA6} = {A216F5C0-E223-4E5F-89B3-BF27218F6C44}
	EndGlobalSection
	GlobalSection(ExtensibilityGlobals) = postSolution
		SolutionGuid = {A16934F3-A14C-4B8D-98C3-CEA5CCE6F014}
	EndGlobalSection
EndGlobal
